{
  "requires": true,
  "lockfileVersion": 1,
  "dependencies": {
    "@angular/animations": {
      "version": "9.0.0",
      "resolved": "https://registry.npmjs.org/@angular/animations/-/animations-9.0.0.tgz",
      "integrity": "sha512-jB8+SC3vMztW5zt5UYVmtVwqIWE33UyEjbP5JPba3I3bLRK5E059LcJmN1rSdJHItgIAdG9Y1I0WJ6aiSFyp4Q=="
    },
    "@angular/cdk": {
      "version": "9.0.0",
      "resolved": "https://registry.npmjs.org/@angular/cdk/-/cdk-9.0.0.tgz",
      "integrity": "sha512-2kYpyYbewIB6fubSIDMvSprJLNplRZoL/AtXW3od4dLyRxtzX+7iWTAtzUG/dhq8CKev0lpd1HENh5lLR/Lhjw==",
      "requires": {
        "parse5": "^5.0.0"
      }
    },
    "@angular/material": {
      "version": "9.0.0",
      "resolved": "https://registry.npmjs.org/@angular/material/-/material-9.0.0.tgz",
      "integrity": "sha512-QxN2rmR5mvg2YE1NoIGWLpbnmcJq0iFidzy6odzvN17+XkoCJBZ65IdYsHrJgfwGpoIy6bywuixrDHHcSh9I5w=="
    },
    "hammerjs": {
      "version": "2.0.8",
      "resolved": "https://registry.npmjs.org/hammerjs/-/hammerjs-2.0.8.tgz",
      "integrity": "sha1-BO93hiz/K7edMPdpIJWTAiK/YPE="
    },
    "parse5": {
      "version": "5.1.1",
      "resolved": "https://registry.npmjs.org/parse5/-/parse5-5.1.1.tgz",
      "integrity": "sha512-ugq4DFI0Ptb+WWjAdOK16+u/nHfiIrcE+sh8kZMaM0WllQKLI9rOUq6c2b7cwPkXdzfQESqvoqK6ug7U/Yyzug=="
    }
  }
}
